<?xml version="1.0" encoding="utf-8"?>
<Project ToolsVersion="4.0" xmlns="http://schemas.microsoft.com/developer/msbuild/2003">
  <ItemGroup>
    <Filter Include="Tests">
      <UniqueIdentifier>{f94ffa9f-5ed8-4690-a5f6-eb75c6c03031}</UniqueIdentifier>
    </Filter>
  </ItemGroup>
  <ItemGroup>
    <ClCompile Include="test\test_main.cpp" />
    <ClCompile Include="test\db.cpp">
      <Filter>Tests</Filter>
    </ClCompile>
    <ClCompile Include="test\transaction.cpp">
      <Filter>Tests</Filter>
    </ClCompile>
    <ClCompile Include="test\stmt.cpp">
      <Filter>Tests</Filter>
    </ClCompile>
    <ClCompile Include="test\static_stmt_cache.cpp">
      <Filter>Tests</Filter>
    </ClCompile>
    <ClCompile Include="test\shared_stmt_cache.cpp">
      <Filter>Tests</Filter>
    </ClCompile>
  </ItemGroup>
</Project>